
Microsoft Visual Studio Solution File, Format Version 12.00
# Visual Studio Version 16
VisualStudioVersion = 16.0.33214.272
MinimumVisualStudioVersion = 10.0.40219.1
Project("{9A19103F-16F7-4668-BE54-9A1E7A4F7556}") = "ASPNetWebApp", "ASP.Net Web App\ASPNetWebApp.csproj", "{9932C596-D916-42D2-8B66-90C913580B4C}"
EndProject
Global
	GlobalSection(SolutionConfigurationPlatforms) = preSolution
		Debug|Any CPU = Debug|Any CPU
		Release|Any CPU = Release|Any CPU
	EndGlobalSection
	GlobalSection(ProjectConfigurationPlatforms) = postSolution
		{9932C596-D916-42D2-8B66-90C913580B4C}.Debug|Any CPU.ActiveCfg = Debug|Any CPU
		{9932C596-D916-42D2-8B66-90C913580B4C}.Debug|Any CPU.Build.0 = Debug|Any CPU
		{9932C596-D916-42D2-8B66-90C913580B4C}.Release|Any CPU.ActiveCfg = Release|Any CPU
		{9932C596-D916-42D2-8B66-90C913580B4C}.Release|Any CPU.Build.0 = Release|Any CPU
	EndGlobalSection
	GlobalSection(SolutionProperties) = preSolution
		HideSolutionNode = FALSE
	EndGlobalSection
	GlobalSection(ExtensibilityGlobals) = postSolution
		SolutionGuid = {7C81C446-9492-4677-A51B-0BFB8BDAB064}
	EndGlobalSection
EndGlobal
